
Microsoft Visual Studio Solution File, Format Version 12.00
# Visual Studio Version 17
VisualStudioVersion = 17.0.31903.59
MinimumVisualStudioVersion = 10.0.40219.1
Project("{FAE04EC0-301F-11D3-BF4B-00C04F79EFBC}") = "API", "API\API.csproj", "{D699FA23-15E1-42AE-9BF5-15C891352DAA}"
EndProject
Project("{FAE04EC0-301F-11D3-BF4B-00C04F79EFBC}") = "Application", "Application\Application.csproj", "{F8F0AC7B-40A1-4387-BD4A-8CD04D5D558B}"
EndProject
Project("{FAE04EC0-301F-11D3-BF4B-00C04F79EFBC}") = "Domain", "Domain\Domain.csproj", "{56F1A896-D8DB-4493-A28A-076F33EE5376}"
EndProject
Project("{FAE04EC0-301F-11D3-BF4B-00C04F79EFBC}") = "Persistence", "Persistence\Persistence.csproj", "{4E2B91D2-8E7C-4FE3-8D3D-F5AB74783A80}"
EndProject
Project("{FAE04EC0-301F-11D3-BF4B-00C04F79EFBC}") = "Infrastructure", "Infrastructure\Infrastructure.csproj", "{9C4D6A06-0914-4D01-9203-A01C21048A39}"
EndProject
Global
	GlobalSection(SolutionConfigurationPlatforms) = preSolution
		Debug|Any CPU = Debug|Any CPU
		Release|Any CPU = Release|Any CPU
	EndGlobalSection
	GlobalSection(SolutionProperties) = preSolution
		HideSolutionNode = FALSE
	EndGlobalSection
	GlobalSection(ProjectConfigurationPlatforms) = postSolution
		{D699FA23-15E1-42AE-9BF5-15C891352DAA}.Debug|Any CPU.ActiveCfg = Debug|Any CPU
		{D699FA23-15E1-42AE-9BF5-15C891352DAA}.Debug|Any CPU.Build.0 = Debug|Any CPU
		{D699FA23-15E1-42AE-9BF5-15C891352DAA}.Release|Any CPU.ActiveCfg = Release|Any CPU
		{D699FA23-15E1-42AE-9BF5-15C891352DAA}.Release|Any CPU.Build.0 = Release|Any CPU
		{F8F0AC7B-40A1-4387-BD4A-8CD04D5D558B}.Debug|Any CPU.ActiveCfg = Debug|Any CPU
		{F8F0AC7B-40A1-4387-BD4A-8CD04D5D558B}.Debug|Any CPU.Build.0 = Debug|Any CPU
		{F8F0AC7B-40A1-4387-BD4A-8CD04D5D558B}.Release|Any CPU.ActiveCfg = Release|Any CPU
		{F8F0AC7B-40A1-4387-BD4A-8CD04D5D558B}.Release|Any CPU.Build.0 = Release|Any CPU
		{56F1A896-D8DB-4493-A28A-076F33EE5376}.Debug|Any CPU.ActiveCfg = Debug|Any CPU
		{56F1A896-D8DB-4493-A28A-076F33EE5376}.Debug|Any CPU.Build.0 = Debug|Any CPU
		{56F1A896-D8DB-4493-A28A-076F33EE5376}.Release|Any CPU.ActiveCfg = Release|Any CPU
		{56F1A896-D8DB-4493-A28A-076F33EE5376}.Release|Any CPU.Build.0 = Release|Any CPU
		{4E2B91D2-8E7C-4FE3-8D3D-F5AB74783A80}.Debug|Any CPU.ActiveCfg = Debug|Any CPU
		{4E2B91D2-8E7C-4FE3-8D3D-F5AB74783A80}.Debug|Any CPU.Build.0 = Debug|Any CPU
		{4E2B91D2-8E7C-4FE3-8D3D-F5AB74783A80}.Release|Any CPU.ActiveCfg = Release|Any CPU
		{4E2B91D2-8E7C-4FE3-8D3D-F5AB74783A80}.Release|Any CPU.Build.0 = Release|Any CPU
		{9C4D6A06-0914-4D01-9203-A01C21048A39}.Debug|Any CPU.ActiveCfg = Debug|Any CPU
		{9C4D6A06-0914-4D01-9203-A01C21048A39}.Debug|Any CPU.Build.0 = Debug|Any CPU
		{9C4D6A06-0914-4D01-9203-A01C21048A39}.Release|Any CPU.ActiveCfg = Release|Any CPU
		{9C4D6A06-0914-4D01-9203-A01C21048A39}.Release|Any CPU.Build.0 = Release|Any CPU
	EndGlobalSection
EndGlobal
