
Microsoft Visual Studio Solution File, Format Version 12.00
# Visual Studio 15
VisualStudioVersion = 15.0.26124.0
MinimumVisualStudioVersion = 15.0.26124.0
Project("{FAE04EC0-301F-11D3-BF4B-00C04F79EFBC}") = "Domain", "Domain\Domain.csproj", "{5856E239-396E-4C1D-87DC-66A6A4CC4F3E}"
EndProject
Project("{FAE04EC0-301F-11D3-BF4B-00C04F79EFBC}") = "Appliaction", "Appliaction\Appliaction.csproj", "{ED3BD175-2037-4B94-83EB-11FF80A5D6EB}"
EndProject
Project("{FAE04EC0-301F-11D3-BF4B-00C04F79EFBC}") = "API", "API\API.csproj", "{993065C7-A81A-4159-B132-16FC73906581}"
EndProject
Project("{FAE04EC0-301F-11D3-BF4B-00C04F79EFBC}") = "Persistence", "Persistence\Persistence.csproj", "{912A4590-37B8-421D-8772-A1A92E06C201}"
EndProject
Global
	GlobalSection(SolutionConfigurationPlatforms) = preSolution
		Debug|Any CPU = Debug|Any CPU
		Debug|x64 = Debug|x64
		Debug|x86 = Debug|x86
		Release|Any CPU = Release|Any CPU
		Release|x64 = Release|x64
		Release|x86 = Release|x86
	EndGlobalSection
	GlobalSection(SolutionProperties) = preSolution
		HideSolutionNode = FALSE
	EndGlobalSection
	GlobalSection(ProjectConfigurationPlatforms) = postSolution
		{5856E239-396E-4C1D-87DC-66A6A4CC4F3E}.Debug|Any CPU.ActiveCfg = Debug|Any CPU
		{5856E239-396E-4C1D-87DC-66A6A4CC4F3E}.Debug|Any CPU.Build.0 = Debug|Any CPU
		{5856E239-396E-4C1D-87DC-66A6A4CC4F3E}.Debug|x64.ActiveCfg = Debug|Any CPU
		{5856E239-396E-4C1D-87DC-66A6A4CC4F3E}.Debug|x64.Build.0 = Debug|Any CPU
		{5856E239-396E-4C1D-87DC-66A6A4CC4F3E}.Debug|x86.ActiveCfg = Debug|Any CPU
		{5856E239-396E-4C1D-87DC-66A6A4CC4F3E}.Debug|x86.Build.0 = Debug|Any CPU
		{5856E239-396E-4C1D-87DC-66A6A4CC4F3E}.Release|Any CPU.ActiveCfg = Release|Any CPU
		{5856E239-396E-4C1D-87DC-66A6A4CC4F3E}.Release|Any CPU.Build.0 = Release|Any CPU
		{5856E239-396E-4C1D-87DC-66A6A4CC4F3E}.Release|x64.ActiveCfg = Release|Any CPU
		{5856E239-396E-4C1D-87DC-66A6A4CC4F3E}.Release|x64.Build.0 = Release|Any CPU
		{5856E239-396E-4C1D-87DC-66A6A4CC4F3E}.Release|x86.ActiveCfg = Release|Any CPU
		{5856E239-396E-4C1D-87DC-66A6A4CC4F3E}.Release|x86.Build.0 = Release|Any CPU
		{ED3BD175-2037-4B94-83EB-11FF80A5D6EB}.Debug|Any CPU.ActiveCfg = Debug|Any CPU
		{ED3BD175-2037-4B94-83EB-11FF80A5D6EB}.Debug|Any CPU.Build.0 = Debug|Any CPU
		{ED3BD175-2037-4B94-83EB-11FF80A5D6EB}.Debug|x64.ActiveCfg = Debug|Any CPU
		{ED3BD175-2037-4B94-83EB-11FF80A5D6EB}.Debug|x64.Build.0 = Debug|Any CPU
		{ED3BD175-2037-4B94-83EB-11FF80A5D6EB}.Debug|x86.ActiveCfg = Debug|Any CPU
		{ED3BD175-2037-4B94-83EB-11FF80A5D6EB}.Debug|x86.Build.0 = Debug|Any CPU
		{ED3BD175-2037-4B94-83EB-11FF80A5D6EB}.Release|Any CPU.ActiveCfg = Release|Any CPU
		{ED3BD175-2037-4B94-83EB-11FF80A5D6EB}.Release|Any CPU.Build.0 = Release|Any CPU
		{ED3BD175-2037-4B94-83EB-11FF80A5D6EB}.Release|x64.ActiveCfg = Release|Any CPU
		{ED3BD175-2037-4B94-83EB-11FF80A5D6EB}.Release|x64.Build.0 = Release|Any CPU
		{ED3BD175-2037-4B94-83EB-11FF80A5D6EB}.Release|x86.ActiveCfg = Release|Any CPU
		{ED3BD175-2037-4B94-83EB-11FF80A5D6EB}.Release|x86.Build.0 = Release|Any CPU
		{993065C7-A81A-4159-B132-16FC73906581}.Debug|Any CPU.ActiveCfg = Debug|Any CPU
		{993065C7-A81A-4159-B132-16FC73906581}.Debug|Any CPU.Build.0 = Debug|Any CPU
		{993065C7-A81A-4159-B132-16FC73906581}.Debug|x64.ActiveCfg = Debug|Any CPU
		{993065C7-A81A-4159-B132-16FC73906581}.Debug|x64.Build.0 = Debug|Any CPU
		{993065C7-A81A-4159-B132-16FC73906581}.Debug|x86.ActiveCfg = Debug|Any CPU
		{993065C7-A81A-4159-B132-16FC73906581}.Debug|x86.Build.0 = Debug|Any CPU
		{993065C7-A81A-4159-B132-16FC73906581}.Release|Any CPU.ActiveCfg = Release|Any CPU
		{993065C7-A81A-4159-B132-16FC73906581}.Release|Any CPU.Build.0 = Release|Any CPU
		{993065C7-A81A-4159-B132-16FC73906581}.Release|x64.ActiveCfg = Release|Any CPU
		{993065C7-A81A-4159-B132-16FC73906581}.Release|x64.Build.0 = Release|Any CPU
		{993065C7-A81A-4159-B132-16FC73906581}.Release|x86.ActiveCfg = Release|Any CPU
		{993065C7-A81A-4159-B132-16FC73906581}.Release|x86.Build.0 = Release|Any CPU
		{912A4590-37B8-421D-8772-A1A92E06C201}.Debug|Any CPU.ActiveCfg = Debug|Any CPU
		{912A4590-37B8-421D-8772-A1A92E06C201}.Debug|Any CPU.Build.0 = Debug|Any CPU
		{912A4590-37B8-421D-8772-A1A92E06C201}.Debug|x64.ActiveCfg = Debug|Any CPU
		{912A4590-37B8-421D-8772-A1A92E06C201}.Debug|x64.Build.0 = Debug|Any CPU
		{912A4590-37B8-421D-8772-A1A92E06C201}.Debug|x86.ActiveCfg = Debug|Any CPU
		{912A4590-37B8-421D-8772-A1A92E06C201}.Debug|x86.Build.0 = Debug|Any CPU
		{912A4590-37B8-421D-8772-A1A92E06C201}.Release|Any CPU.ActiveCfg = Release|Any CPU
		{912A4590-37B8-421D-8772-A1A92E06C201}.Release|Any CPU.Build.0 = Release|Any CPU
		{912A4590-37B8-421D-8772-A1A92E06C201}.Release|x64.ActiveCfg = Release|Any CPU
		{912A4590-37B8-421D-8772-A1A92E06C201}.Release|x64.Build.0 = Release|Any CPU
		{912A4590-37B8-421D-8772-A1A92E06C201}.Release|x86.ActiveCfg = Release|Any CPU
		{912A4590-37B8-421D-8772-A1A92E06C201}.Release|x86.Build.0 = Release|Any CPU
	EndGlobalSection
EndGlobal
